
Microsoft Visual Studio Solution File, Format Version 12.00
# Visual Studio Version 16
VisualStudioVersion = 16.0.30611.23
MinimumVisualStudioVersion = 10.0.40219.1
Project("{FAE04EC0-301F-11D3-BF4B-00C04F79EFBC}") = "ds.test.impl", "ds.test.impl.csproj", "{E9A7C348-42F5-411A-9721-B1415A50034E}"
EndProject
Project("{2150E333-8FDC-42A3-9474-1A3956D46DE8}") = "Solution Items", "Solution Items", "{55D04177-63D9-410F-9075-3F282A31B180}"
	ProjectSection(SolutionItems) = preProject
		.gitignore = .gitignore
	EndProjectSection
EndProject
Global
	GlobalSection(SolutionConfigurationPlatforms) = preSolution
		Debug|Any CPU = Debug|Any CPU
		Release|Any CPU = Release|Any CPU
	EndGlobalSection
	GlobalSection(ProjectConfigurationPlatforms) = postSolution
		{E9A7C348-42F5-411A-9721-B1415A50034E}.Debug|Any CPU.ActiveCfg = Debug|Any CPU
		{E9A7C348-42F5-411A-9721-B1415A50034E}.Debug|Any CPU.Build.0 = Debug|Any CPU
		{E9A7C348-42F5-411A-9721-B1415A50034E}.Release|Any CPU.ActiveCfg = Release|Any CPU
		{E9A7C348-42F5-411A-9721-B1415A50034E}.Release|Any CPU.Build.0 = Release|Any CPU
	EndGlobalSection
	GlobalSection(SolutionProperties) = preSolution
		HideSolutionNode = FALSE
	EndGlobalSection
	GlobalSection(ExtensibilityGlobals) = postSolution
		SolutionGuid = {DA2153F3-31A3-4781-B10D-20ABADBD55B4}
	EndGlobalSection
EndGlobal
